
Microsoft Visual Studio Solution File, Format Version 12.00
# Visual Studio Version 17
VisualStudioVersion = 17.8.34330.188
MinimumVisualStudioVersion = 10.0.40219.1
Project("{9A19103F-16F7-4668-BE54-9A1E7A4F7556}") = "ParkRent.Logic", "ParkRent.Logic\ParkRent.Logic.csproj", "{091D4514-29D2-4F1C-8F87-D6FE12ECA3D0}"
EndProject
Project("{2150E333-8FDC-42A3-9474-1A3956D46DE8}") = "Common", "Common", "{92B13659-9A86-46D8-B961-897BF9217887}"
EndProject
Project("{FAE04EC0-301F-11D3-BF4B-00C04F79EFBC}") = "ParkRent.Common.Storage", "ParkRent.Common.Storage\ParkRent.Common.Storage.csproj", "{1EE8B48F-A545-4500-AF06-C2F2E745139B}"
EndProject
Global
	GlobalSection(SolutionConfigurationPlatforms) = preSolution
		Debug|Any CPU = Debug|Any CPU
		Release|Any CPU = Release|Any CPU
	EndGlobalSection
	GlobalSection(ProjectConfigurationPlatforms) = postSolution
		{091D4514-29D2-4F1C-8F87-D6FE12ECA3D0}.Debug|Any CPU.ActiveCfg = Debug|Any CPU
		{091D4514-29D2-4F1C-8F87-D6FE12ECA3D0}.Debug|Any CPU.Build.0 = Debug|Any CPU
		{091D4514-29D2-4F1C-8F87-D6FE12ECA3D0}.Release|Any CPU.ActiveCfg = Release|Any CPU
		{091D4514-29D2-4F1C-8F87-D6FE12ECA3D0}.Release|Any CPU.Build.0 = Release|Any CPU
		{1EE8B48F-A545-4500-AF06-C2F2E745139B}.Debug|Any CPU.ActiveCfg = Debug|Any CPU
		{1EE8B48F-A545-4500-AF06-C2F2E745139B}.Debug|Any CPU.Build.0 = Debug|Any CPU
		{1EE8B48F-A545-4500-AF06-C2F2E745139B}.Release|Any CPU.ActiveCfg = Release|Any CPU
		{1EE8B48F-A545-4500-AF06-C2F2E745139B}.Release|Any CPU.Build.0 = Release|Any CPU
	EndGlobalSection
	GlobalSection(SolutionProperties) = preSolution
		HideSolutionNode = FALSE
	EndGlobalSection
	GlobalSection(NestedProjects) = preSolution
		{1EE8B48F-A545-4500-AF06-C2F2E745139B} = {92B13659-9A86-46D8-B961-897BF9217887}
	EndGlobalSection
	GlobalSection(ExtensibilityGlobals) = postSolution
		SolutionGuid = {993259EF-39BC-45BD-A5E3-F721D07D9411}
	EndGlobalSection
EndGlobal
